{
  "nodes": {
    "brew-src": {
      "flake": false,
      "locked": {
        "lastModified": 1755431967,
        "narHash": "sha256-bmQE1I97sqA73m15tm0thEc97yYvo6oLMhbHpMN6Zkw=",
        "owner": "Homebrew",
        "repo": "brew",
        "rev": "160af073a53fcb23331d70d79785d17d13da41e7",
        "type": "github"
      },
      "original": {
        "owner": "Homebrew",
        "ref": "4.6.4",
        "repo": "brew",
        "type": "github"
      }
    },
    "dotfiles-secrets": {
      "flake": false,
      "locked": {
        "lastModified": 1741440266,
        "narHash": "sha256-n8OxfMWJ9q6AvjTDZhkKUqhXbAiKYtnaReS59/9ScI4=",
        "ref": "refs/heads/main",
        "rev": "543ec105705fd49a4f2b300507a89ed0035036dd",
        "shallow": true,
        "type": "git",
        "url": "ssh://git@github.com/niklasravnsborg/dotfiles-secrets"
      },
      "original": {
        "shallow": true,
        "type": "git",
        "url": "ssh://git@github.com/niklasravnsborg/dotfiles-secrets"
      }
    },
    "home-manager": {
      "inputs": {
        "nixpkgs": [
          "nixpkgs"
        ]
      },
      "locked": {
        "lastModified": 1755601933,
        "narHash": "sha256-iXZeeYyfy8NdpvH/OOW9V3C2AfsXE+fzDHfrIOHBPF0=",
        "owner": "nix-community",
        "repo": "home-manager",
        "rev": "8af2e064f93234ee79df8b9858eeefbf84394488",
        "type": "github"
      },
      "original": {
        "owner": "nix-community",
        "repo": "home-manager",
        "type": "github"
      }
    },
    "nix-darwin": {
      "inputs": {
        "nixpkgs": [
          "nixpkgs"
        ]
      },
      "locked": {
        "lastModified": 1755275010,
        "narHash": "sha256-lEApCoWUEWh0Ifc3k1JdVjpMtFFXeL2gG1qvBnoRc2I=",
        "owner": "nix-darwin",
        "repo": "nix-darwin",
        "rev": "7220b01d679e93ede8d7b25d6f392855b81dd475",
        "type": "github"
      },
      "original": {
        "owner": "nix-darwin",
        "repo": "nix-darwin",
        "type": "github"
      }
    },
    "nix-darwin-custom-icons": {
      "locked": {
        "lastModified": 1719071371,
        "narHash": "sha256-SPazmoL3Pls4QTiZ2CRtavecNJgzpL4GeiwafTmtdJ8=",
        "owner": "ryanccn",
        "repo": "nix-darwin-custom-icons",
        "rev": "ad3e8cf49ef0b276ccf67410f544ff33d965d821",
        "type": "github"
      },
      "original": {
        "owner": "ryanccn",
        "repo": "nix-darwin-custom-icons",
        "type": "github"
      }
    },
    "nix-homebrew": {
      "inputs": {
        "brew-src": "brew-src"
      },
      "locked": {
        "lastModified": 1754250993,
        "narHash": "sha256-MEin+qoQKtFC1b0f4tnQ+Z82BQWSCgh6Ef7rpmH9gig=",
        "owner": "zhaofengli",
        "repo": "nix-homebrew",
        "rev": "314d057294e79bc2596972126b84c6f9f144499a",
        "type": "github"
      },
      "original": {
        "owner": "zhaofengli",
        "repo": "nix-homebrew",
        "type": "github"
      }
    },
    "nixpkgs": {
      "locked": {
        "lastModified": 1755268003,
        "narHash": "sha256-nNaeJjo861wFR0tjHDyCnHs1rbRtrMgxAKMoig9Sj/w=",
        "owner": "nixos",
        "repo": "nixpkgs",
        "rev": "32f313e49e42f715491e1ea7b306a87c16fe0388",
        "type": "github"
      },
      "original": {
        "owner": "nixos",
        "ref": "nixpkgs-unstable",
        "repo": "nixpkgs",
        "type": "github"
      }
    },
    "nixpkgs_2": {
      "locked": {
        "lastModified": 1754340878,
        "narHash": "sha256-lgmUyVQL9tSnvvIvBp7x1euhkkCho7n3TMzgjdvgPoU=",
        "owner": "nixos",
        "repo": "nixpkgs",
        "rev": "cab778239e705082fe97bb4990e0d24c50924c04",
        "type": "github"
      },
      "original": {
        "owner": "nixos",
        "ref": "nixpkgs-unstable",
        "repo": "nixpkgs",
        "type": "github"
      }
    },
    "root": {
      "inputs": {
        "dotfiles-secrets": "dotfiles-secrets",
        "home-manager": "home-manager",
        "nix-darwin": "nix-darwin",
        "nix-darwin-custom-icons": "nix-darwin-custom-icons",
        "nix-homebrew": "nix-homebrew",
        "nixpkgs": "nixpkgs",
        "sops-nix": "sops-nix",
        "systems": "systems",
        "treefmt-nix": "treefmt-nix"
      }
    },
    "sops-nix": {
      "inputs": {
        "nixpkgs": [
          "nixpkgs"
        ]
      },
      "locked": {
        "lastModified": 1754988908,
        "narHash": "sha256-t+voe2961vCgrzPFtZxha0/kmFSHFobzF00sT8p9h0U=",
        "owner": "Mic92",
        "repo": "sops-nix",
        "rev": "3223c7a92724b5d804e9988c6b447a0d09017d48",
        "type": "github"
      },
      "original": {
        "owner": "Mic92",
        "repo": "sops-nix",
        "type": "github"
      }
    },
    "systems": {
      "locked": {
        "lastModified": 1681028828,
        "narHash": "sha256-Vy1rq5AaRuLzOxct8nz4T6wlgyUR7zLU309k9mBC768=",
        "owner": "nix-systems",
        "repo": "default",
        "rev": "da67096a3b9bf56a91d16901293e51ba5b49a27e",
        "type": "github"
      },
      "original": {
        "owner": "nix-systems",
        "repo": "default",
        "type": "github"
      }
    },
    "treefmt-nix": {
      "inputs": {
        "nixpkgs": "nixpkgs_2"
      },
      "locked": {
        "lastModified": 1754847726,
        "narHash": "sha256-2vX8QjO5lRsDbNYvN9hVHXLU6oMl+V/PsmIiJREG4rE=",
        "owner": "numtide",
        "repo": "treefmt-nix",
        "rev": "7d81f6fb2e19bf84f1c65135d1060d829fae2408",
        "type": "github"
      },
      "original": {
        "owner": "numtide",
        "repo": "treefmt-nix",
        "type": "github"
      }
    }
  },
  "root": "root",
  "version": 7
}
